
Microsoft Visual Studio Solution File, Format Version 12.00
# Visual Studio 15
VisualStudioVersion = 15.0.28307.1267
MinimumVisualStudioVersion = 10.0.40219.1
Project("{8BC9CEB8-8B4A-11D0-8D11-00A0C91BC942}") = "libtorch_gpt", "libtorch_gpt\libtorch_gpt.vcxproj", "{D5232041-4518-4F09-A028-42C03E60838C}"
EndProject
Global
	GlobalSection(SolutionConfigurationPlatforms) = preSolution
		Debug|x64 = Debug|x64
		Debug|x86 = Debug|x86
		Release|x64 = Release|x64
		Release|x86 = Release|x86
	EndGlobalSection
	GlobalSection(ProjectConfigurationPlatforms) = postSolution
		{D5232041-4518-4F09-A028-42C03E60838C}.Debug|x64.ActiveCfg = Debug|x64
		{D5232041-4518-4F09-A028-42C03E60838C}.Debug|x64.Build.0 = Debug|x64
		{D5232041-4518-4F09-A028-42C03E60838C}.Debug|x86.ActiveCfg = Debug|Win32
		{D5232041-4518-4F09-A028-42C03E60838C}.Debug|x86.Build.0 = Debug|Win32
		{D5232041-4518-4F09-A028-42C03E60838C}.Release|x64.ActiveCfg = Release|x64
		{D5232041-4518-4F09-A028-42C03E60838C}.Release|x64.Build.0 = Release|x64
		{D5232041-4518-4F09-A028-42C03E60838C}.Release|x86.ActiveCfg = Release|Win32
		{D5232041-4518-4F09-A028-42C03E60838C}.Release|x86.Build.0 = Release|Win32
	EndGlobalSection
	GlobalSection(SolutionProperties) = preSolution
		HideSolutionNode = FALSE
	EndGlobalSection
	GlobalSection(ExtensibilityGlobals) = postSolution
		SolutionGuid = {4E5D75F4-31A8-4E53-80F6-7C2C70208F5D}
	EndGlobalSection
EndGlobal
